// !$*UTF8*$!
{
	archiveVersion = 1;
	classes = {
	};
	objectVersion = 77;
	objects = {

/* Begin PBXBuildFile section */
		7C284E582EBEE54800E01278 /* HeaderView.swift in Sources */ = {isa = PBXBuildFile; fileRef = 7C284E482EBEE54700E01278 /* HeaderView.swift */; };
		7C284E592EBEE54800E01278 /* RecordingPickerSheets.swift in Sources */ = {isa = PBXBuildFile; fileRef = 7C284E512EBEE54700E01278 /* RecordingPickerSheets.swift */; };
		7C284E5A2EBEE54800E01278 /* RecordingComponents.swift in Sources */ = {isa = PBXBuildFile; fileRef = 7C284E502EBEE54700E01278 /* RecordingComponents.swift */; };
		7C284E5B2EBEE54800E01278 /* LoopsView.swift in Sources */ = {isa = PBXBuildFile; fileRef = 7C284E4C2EBEE54700E01278 /* LoopsView.swift */; };
		7C284E5C2EBEE54800E01278 /* CollectionViews.swift in Sources */ = {isa = PBXBuildFile; fileRef = 7C284E432EBEE54700E01278 /* CollectionViews.swift */; };
		7C284E5D2EBEE54800E01278 /* Item 2.swift in Sources */ = {isa = PBXBuildFile; fileRef = 7C284E4A2EBEE54700E01278 /* Item 2.swift */; };
		7C284E5E2EBEE54800E01278 /* DiscographyApp.swift in Sources */ = {isa = PBXBuildFile; fileRef = 7C284E462EBEE54700E01278 /* DiscographyApp.swift */; };
		7C284E5F2EBEE54800E01278 /* Models.swift in Sources */ = {isa = PBXBuildFile; fileRef = 7C284E4E2EBEE54700E01278 /* Models.swift */; };
		7C284E622EBEE54800E01278 /* LoopCatalogService.swift in Sources */ = {isa = PBXBuildFile; fileRef = 7C284E4B2EBEE54700E01278 /* LoopCatalogService.swift */; };
		7C284E632EBEE54800E01278 /* AddSongSheet.swift in Sources */ = {isa = PBXBuildFile; fileRef = 7C284E412EBEE54700E01278 /* AddSongSheet.swift */; };
		7C284E642EBEE54800E01278 /* SongDetailAndRecordingViews.swift in Sources */ = {isa = PBXBuildFile; fileRef = 7C284E552EBEE54700E01278 /* SongDetailAndRecordingViews.swift */; };
		7C284E652EBEE54800E01278 /* SharedComponents.swift in Sources */ = {isa = PBXBuildFile; fileRef = 7C284E542EBEE54700E01278 /* SharedComponents.swift */; };
		7C284E662EBEE54800E01278 /* CustomTabBar.swift in Sources */ = {isa = PBXBuildFile; fileRef = 7C284E452EBEE54700E01278 /* CustomTabBar.swift */; };
		7C284E672EBEE54800E01278 /* MusicViewModel.swift in Sources */ = {isa = PBXBuildFile; fileRef = 7C284E4F2EBEE54700E01278 /* MusicViewModel.swift */; };
		7C284E682EBEE54800E01278 /* RootAndMainViews.swift in Sources */ = {isa = PBXBuildFile; fileRef = 7C284E532EBEE54700E01278 /* RootAndMainViews.swift */; };
		7C284E692EBEE54800E01278 /* SongSearchService.swift in Sources */ = {isa = PBXBuildFile; fileRef = 7C284E572EBEE54700E01278 /* SongSearchService.swift */; };
		7C284E6A2EBEE54800E01278 /* GlobalOverlays.swift in Sources */ = {isa = PBXBuildFile; fileRef = 7C284E472EBEE54700E01278 /* GlobalOverlays.swift */; };
		7C284E6B2EBEE54800E01278 /* MediaPickerButton.swift in Sources */ = {isa = PBXBuildFile; fileRef = 7C284E4D2EBEE54700E01278 /* MediaPickerButton.swift */; };
		7C284E6C2EBEE54800E01278 /* RecordingView.swift in Sources */ = {isa = PBXBuildFile; fileRef = 7C284E522EBEE54700E01278 /* RecordingView.swift */; };
		7C284E6D2EBEE54800E01278 /* Assets 2.xcassets in Resources */ = {isa = PBXBuildFile; fileRef = 7C284E422EBEE54700E01278 /* Assets 2.xcassets */; };
		7C9A75382EBFE9CA00F6F261 /* CompositionModels.swift in Sources */ = {isa = PBXBuildFile; fileRef = 7C9A75372EBFE9C300F6F261 /* CompositionModels.swift */; };
		7C9A753A2EBFE9DA00F6F261 /* AudioMixingService.swift in Sources */ = {isa = PBXBuildFile; fileRef = 7C9A75392EBFE9D600F6F261 /* AudioMixingService.swift */; };
		7C9A753C2EBFE9E800F6F261 /* LoopEditor.swift in Sources */ = {isa = PBXBuildFile; fileRef = 7C9A753B2EBFE9E500F6F261 /* LoopEditor.swift */; };
		7C9A753E2EBFEA0400F6F261 /* StudioComposer.swift in Sources */ = {isa = PBXBuildFile; fileRef = 7C9A753D2EBFEA0100F6F261 /* StudioComposer.swift */; };
/* End PBXBuildFile section */

/* Begin PBXFileReference section */
		7C284E312EBEE3B800E01278 /* JamSeshNew.app */ = {isa = PBXFileReference; explicitFileType = wrapper.application; includeInIndex = 0; path = JamSeshNew.app; sourceTree = BUILT_PRODUCTS_DIR; };
		7C284E412EBEE54700E01278 /* AddSongSheet.swift */ = {isa = PBXFileReference; lastKnownFileType = sourcecode.swift; path = AddSongSheet.swift; sourceTree = "<group>"; };
		7C284E422EBEE54700E01278 /* Assets 2.xcassets */ = {isa = PBXFileReference; lastKnownFileType = folder.assetcatalog; path = "Assets 2.xcassets"; sourceTree = "<group>"; };
		7C284E432EBEE54700E01278 /* CollectionViews.swift */ = {isa = PBXFileReference; lastKnownFileType = sourcecode.swift; path = CollectionViews.swift; sourceTree = "<group>"; };
		7C284E452EBEE54700E01278 /* CustomTabBar.swift */ = {isa = PBXFileReference; lastKnownFileType = sourcecode.swift; path = CustomTabBar.swift; sourceTree = "<group>"; };
		7C284E462EBEE54700E01278 /* DiscographyApp.swift */ = {isa = PBXFileReference; lastKnownFileType = sourcecode.swift; path = DiscographyApp.swift; sourceTree = "<group>"; };
		7C284E472EBEE54700E01278 /* GlobalOverlays.swift */ = {isa = PBXFileReference; lastKnownFileType = sourcecode.swift; path = GlobalOverlays.swift; sourceTree = "<group>"; };
		7C284E482EBEE54700E01278 /* HeaderView.swift */ = {isa = PBXFileReference; lastKnownFileType = sourcecode.swift; path = HeaderView.swift; sourceTree = "<group>"; };
		7C284E4A2EBEE54700E01278 /* Item 2.swift */ = {isa = PBXFileReference; lastKnownFileType = sourcecode.swift; path = "Item 2.swift"; sourceTree = "<group>"; };
		7C284E4B2EBEE54700E01278 /* LoopCatalogService.swift */ = {isa = PBXFileReference; lastKnownFileType = sourcecode.swift; path = LoopCatalogService.swift; sourceTree = "<group>"; };
		7C284E4C2EBEE54700E01278 /* LoopsView.swift */ = {isa = PBXFileReference; lastKnownFileType = sourcecode.swift; path = LoopsView.swift; sourceTree = "<group>"; };
		7C284E4D2EBEE54700E01278 /* MediaPickerButton.swift */ = {isa = PBXFileReference; lastKnownFileType = sourcecode.swift; path = MediaPickerButton.swift; sourceTree = "<group>"; };
		7C284E4E2EBEE54700E01278 /* Models.swift */ = {isa = PBXFileReference; lastKnownFileType = sourcecode.swift; path = Models.swift; sourceTree = "<group>"; };
		7C284E4F2EBEE54700E01278 /* MusicViewModel.swift */ = {isa = PBXFileReference; lastKnownFileType = sourcecode.swift; path = MusicViewModel.swift; sourceTree = "<group>"; };
		7C284E502EBEE54700E01278 /* RecordingComponents.swift */ = {isa = PBXFileReference; lastKnownFileType = sourcecode.swift; path = RecordingComponents.swift; sourceTree = "<group>"; };
		7C284E512EBEE54700E01278 /* RecordingPickerSheets.swift */ = {isa = PBXFileReference; lastKnownFileType = sourcecode.swift; path = RecordingPickerSheets.swift; sourceTree = "<group>"; };
		7C284E522EBEE54700E01278 /* RecordingView.swift */ = {isa = PBXFileReference; lastKnownFileType = sourcecode.swift; path = RecordingView.swift; sourceTree = "<group>"; };
		7C284E532EBEE54700E01278 /* RootAndMainViews.swift */ = {isa = PBXFileReference; lastKnownFileType = sourcecode.swift; path = RootAndMainViews.swift; sourceTree = "<group>"; };
		7C284E542EBEE54700E01278 /* SharedComponents.swift */ = {isa = PBXFileReference; lastKnownFileType = sourcecode.swift; path = SharedComponents.swift; sourceTree = "<group>"; };
		7C284E552EBEE54700E01278 /* SongDetailAndRecordingViews.swift */ = {isa = PBXFileReference; lastKnownFileType = sourcecode.swift; path = SongDetailAndRecordingViews.swift; sourceTree = "<group>"; };
		7C284E572EBEE54700E01278 /* SongSearchService.swift */ = {isa = PBXFileReference; lastKnownFileType = sourcecode.swift; path = SongSearchService.swift; sourceTree = "<group>"; };
		7C284E6F2EBEE56500E01278 /* JamSeshNew-Bridging-Header.h */ = {isa = PBXFileReference; lastKnownFileType = sourcecode.c.h; path = "JamSeshNew-Bridging-Header.h"; sourceTree = "<group>"; };
		7C9A75372EBFE9C300F6F261 /* CompositionModels.swift */ = {isa = PBXFileReference; lastKnownFileType = sourcecode.swift; path = CompositionModels.swift; sourceTree = "<group>"; };
		7C9A75392EBFE9D600F6F261 /* AudioMixingService.swift */ = {isa = PBXFileReference; lastKnownFileType = sourcecode.swift; path = AudioMixingService.swift; sourceTree = "<group>"; };
		7C9A753B2EBFE9E500F6F261 /* LoopEditor.swift */ = {isa = PBXFileReference; lastKnownFileType = sourcecode.swift; path = LoopEditor.swift; sourceTree = "<group>"; };
		7C9A753D2EBFEA0100F6F261 /* StudioComposer.swift */ = {isa = PBXFileReference; lastKnownFileType = sourcecode.swift; path = StudioComposer.swift; sourceTree = "<group>"; };
/* End PBXFileReference section */

/* Begin PBXFileSystemSynchronizedRootGroup section */
		7C284E332EBEE3B800E01278 /* JamSeshNew */ = {
			isa = PBXFileSystemSynchronizedRootGroup;
			path = JamSeshNew;
			sourceTree = "<group>";
		};
/* End PBXFileSystemSynchronizedRootGroup section */

/* Begin PBXFrameworksBuildPhase section */
		7C284E2E2EBEE3B800E01278 /* Frameworks */ = {
			isa = PBXFrameworksBuildPhase;
			buildActionMask = 2147483647;
			files = (
			);
			runOnlyForDeploymentPostprocessing = 0;
		};
/* End PBXFrameworksBuildPhase section */

/* Begin PBXGroup section */
		7C284E282EBEE3B700E01278 = {
			isa = PBXGroup;
			children = (
				7C284E332EBEE3B800E01278 /* JamSeshNew */,
				7C284E322EBEE3B800E01278 /* Products */,
				7C284E412EBEE54700E01278 /* AddSongSheet.swift */,
				7C284E422EBEE54700E01278 /* Assets 2.xcassets */,
				7C284E432EBEE54700E01278 /* CollectionViews.swift */,
				7C284E452EBEE54700E01278 /* CustomTabBar.swift */,
				7C284E462EBEE54700E01278 /* DiscographyApp.swift */,
				7C284E472EBEE54700E01278 /* GlobalOverlays.swift */,
				7C284E482EBEE54700E01278 /* HeaderView.swift */,
				7C284E4A2EBEE54700E01278 /* Item 2.swift */,
				7C284E4B2EBEE54700E01278 /* LoopCatalogService.swift */,
				7C284E4C2EBEE54700E01278 /* LoopsView.swift */,
				7C284E4D2EBEE54700E01278 /* MediaPickerButton.swift */,
				7C284E4E2EBEE54700E01278 /* Models.swift */,
				7C9A75372EBFE9C300F6F261 /* CompositionModels.swift */,
				7C9A75392EBFE9D600F6F261 /* AudioMixingService.swift */,
				7C9A753B2EBFE9E500F6F261 /* LoopEditor.swift */,
				7C9A753D2EBFEA0100F6F261 /* StudioComposer.swift */,
				7C284E4F2EBEE54700E01278 /* MusicViewModel.swift */,
				7C284E502EBEE54700E01278 /* RecordingComponents.swift */,
				7C284E512EBEE54700E01278 /* RecordingPickerSheets.swift */,
				7C284E522EBEE54700E01278 /* RecordingView.swift */,
				7C284E532EBEE54700E01278 /* RootAndMainViews.swift */,
				7C284E542EBEE54700E01278 /* SharedComponents.swift */,
				7C284E552EBEE54700E01278 /* SongDetailAndRecordingViews.swift */,
				7C284E572EBEE54700E01278 /* SongSearchService.swift */,
				7C284E6F2EBEE56500E01278 /* JamSeshNew-Bridging-Header.h */,
			);
			sourceTree = "<group>";
		};
		7C284E322EBEE3B800E01278 /* Products */ = {
			isa = PBXGroup;
			children = (
				7C284E312EBEE3B800E01278 /* JamSeshNew.app */,
			);
			name = Products;
			sourceTree = "<group>";
		};
/* End PBXGroup section */

/* Begin PBXNativeTarget section */
		7C284E302EBEE3B800E01278 /* JamSeshNew */ = {
			isa = PBXNativeTarget;
			buildConfigurationList = 7C284E3E2EBEE3BA00E01278 /* Build configuration list for PBXNativeTarget "JamSeshNew" */;
			buildPhases = (
				7C284E2D2EBEE3B800E01278 /* Sources */,
				7C284E2E2EBEE3B800E01278 /* Frameworks */,
				7C284E2F2EBEE3B800E01278 /* Resources */,
			);
			buildRules = (
			);
			dependencies = (
			);
			fileSystemSynchronizedGroups = (
				7C284E332EBEE3B800E01278 /* JamSeshNew */,
			);
			name = JamSeshNew;
			packageProductDependencies = (
			);
			productName = JamSeshNew;
			productReference = 7C284E312EBEE3B800E01278 /* JamSeshNew.app */;
			productType = "com.apple.product-type.application";
		};
/* End PBXNativeTarget section */

/* Begin PBXProject section */
		7C284E292EBEE3B700E01278 /* Project object */ = {
			isa = PBXProject;
			attributes = {
				BuildIndependentTargetsInParallel = 1;
				LastSwiftUpdateCheck = 2610;
				LastUpgradeCheck = 2610;
				TargetAttributes = {
					7C284E302EBEE3B800E01278 = {
						CreatedOnToolsVersion = 26.1;
						LastSwiftMigration = 2610;
					};
				};
			};
			buildConfigurationList = 7C284E2C2EBEE3B700E01278 /* Build configuration list for PBXProject "JamSeshNew" */;
			developmentRegion = en;
			hasScannedForEncodings = 0;
			knownRegions = (
				en,
				Base,
			);
			mainGroup = 7C284E282EBEE3B700E01278;
			minimizedProjectReferenceProxies = 1;
			preferredProjectObjectVersion = 77;
			productRefGroup = 7C284E322EBEE3B800E01278 /* Products */;
			projectDirPath = "";
			projectRoot = "";
			targets = (
				7C284E302EBEE3B800E01278 /* JamSeshNew */,
			);
		};
/* End PBXProject section */

/* Begin PBXResourcesBuildPhase section */
		7C284E2F2EBEE3B800E01278 /* Resources */ = {
			isa = PBXResourcesBuildPhase;
			buildActionMask = 2147483647;
			files = (
				7C284E6D2EBEE54800E01278 /* Assets 2.xcassets in Resources */,
			);
			runOnlyForDeploymentPostprocessing = 0;
		};
/* End PBXResourcesBuildPhase section */

/* Begin PBXSourcesBuildPhase section */
		7C284E2D2EBEE3B800E01278 /* Sources */ = {
			isa = PBXSourcesBuildPhase;
			buildActionMask = 2147483647;
			files = (
				7C9A753C2EBFE9E800F6F261 /* LoopEditor.swift in Sources */,
				7C284E582EBEE54800E01278 /* HeaderView.swift in Sources */,
				7C284E592EBEE54800E01278 /* RecordingPickerSheets.swift in Sources */,
				7C284E5A2EBEE54800E01278 /* RecordingComponents.swift in Sources */,
				7C284E5B2EBEE54800E01278 /* LoopsView.swift in Sources */,
				7C284E5C2EBEE54800E01278 /* CollectionViews.swift in Sources */,
				7C284E5D2EBEE54800E01278 /* Item 2.swift in Sources */,
				7C9A75382EBFE9CA00F6F261 /* CompositionModels.swift in Sources */,
				7C284E5E2EBEE54800E01278 /* DiscographyApp.swift in Sources */,
				7C284E5F2EBEE54800E01278 /* Models.swift in Sources */,
				7C284E622EBEE54800E01278 /* LoopCatalogService.swift in Sources */,
				7C284E632EBEE54800E01278 /* AddSongSheet.swift in Sources */,
				7C284E642EBEE54800E01278 /* SongDetailAndRecordingViews.swift in Sources */,
				7C284E652EBEE54800E01278 /* SharedComponents.swift in Sources */,
				7C284E662EBEE54800E01278 /* CustomTabBar.swift in Sources */,
				7C284E672EBEE54800E01278 /* MusicViewModel.swift in Sources */,
				7C284E682EBEE54800E01278 /* RootAndMainViews.swift in Sources */,
				7C284E692EBEE54800E01278 /* SongSearchService.swift in Sources */,
				7C284E6A2EBEE54800E01278 /* GlobalOverlays.swift in Sources */,
				7C284E6B2EBEE54800E01278 /* MediaPickerButton.swift in Sources */,
				7C284E6C2EBEE54800E01278 /* RecordingView.swift in Sources */,
				7C9A753E2EBFEA0400F6F261 /* StudioComposer.swift in Sources */,
				7C9A753A2EBFE9DA00F6F261 /* AudioMixingService.swift in Sources */,
			);
			runOnlyForDeploymentPostprocessing = 0;
		};
/* End PBXSourcesBuildPhase section */

/* Begin XCBuildConfiguration section */
		7C284E3C2EBEE3BA00E01278 /* Debug */ = {
			isa = XCBuildConfiguration;
			buildSettings = {
				ALWAYS_SEARCH_USER_PATHS = NO;
				ASSETCATALOG_COMPILER_GENERATE_SWIFT_ASSET_SYMBOL_EXTENSIONS = YES;
				CLANG_ANALYZER_NONNULL = YES;
				CLANG_ANALYZER_NUMBER_OBJECT_CONVERSION = YES_AGGRESSIVE;
				CLANG_CXX_LANGUAGE_STANDARD = "gnu++20";
				CLANG_ENABLE_MODULES = YES;
				CLANG_ENABLE_OBJC_ARC = YES;
				CLANG_ENABLE_OBJC_WEAK = YES;
				CLANG_WARN_BLOCK_CAPTURE_AUTORELEASING = YES;
				CLANG_WARN_BOOL_CONVERSION = YES;
				CLANG_WARN_COMMA = YES;
				CLANG_WARN_CONSTANT_CONVERSION = YES;
				CLANG_WARN_DEPRECATED_OBJC_IMPLEMENTATIONS = YES;
				CLANG_WARN_DIRECT_OBJC_ISA_USAGE = YES_ERROR;
				CLANG_WARN_DOCUMENTATION_COMMENTS = YES;
				CLANG_WARN_EMPTY_BODY = YES;
				CLANG_WARN_ENUM_CONVERSION = YES;
				CLANG_WARN_INFINITE_RECURSION = YES;
				CLANG_WARN_INT_CONVERSION = YES;
				CLANG_WARN_NON_LITERAL_NULL_CONVERSION = YES;
				CLANG_WARN_OBJC_IMPLICIT_RETAIN_SELF = YES;
				CLANG_WARN_OBJC_LITERAL_CONVERSION = YES;
				CLANG_WARN_OBJC_ROOT_CLASS = YES_ERROR;
				CLANG_WARN_QUOTED_INCLUDE_IN_FRAMEWORK_HEADER = YES;
				CLANG_WARN_RANGE_LOOP_ANALYSIS = YES;
				CLANG_WARN_STRICT_PROTOTYPES = YES;
				CLANG_WARN_SUSPICIOUS_MOVE = YES;
				CLANG_WARN_UNGUARDED_AVAILABILITY = YES_AGGRESSIVE;
				CLANG_WARN_UNREACHABLE_CODE = YES;
				CLANG_WARN__DUPLICATE_METHOD_MATCH = YES;
				COPY_PHASE_STRIP = NO;
				DEBUG_INFORMATION_FORMAT = dwarf;
				DEVELOPMENT_TEAM = 2J29537JR5;
				ENABLE_STRICT_OBJC_MSGSEND = YES;
				ENABLE_TESTABILITY = YES;
				ENABLE_USER_SCRIPT_SANDBOXING = YES;
				GCC_C_LANGUAGE_STANDARD = gnu17;
				GCC_DYNAMIC_NO_PIC = NO;
				GCC_NO_COMMON_BLOCKS = YES;
				GCC_OPTIMIZATION_LEVEL = 0;
				GCC_PREPROCESSOR_DEFINITIONS = (
					"DEBUG=1",
					"$(inherited)",
				);
				GCC_WARN_64_TO_32_BIT_CONVERSION = YES;
				GCC_WARN_ABOUT_RETURN_TYPE = YES_ERROR;
				GCC_WARN_UNDECLARED_SELECTOR = YES;
				GCC_WARN_UNINITIALIZED_AUTOS = YES_AGGRESSIVE;
				GCC_WARN_UNUSED_FUNCTION = YES;
				GCC_WARN_UNUSED_VARIABLE = YES;
				IPHONEOS_DEPLOYMENT_TARGET = 26.1;
				LOCALIZATION_PREFERS_STRING_CATALOGS = YES;
				MTL_ENABLE_DEBUG_INFO = INCLUDE_SOURCE;
				MTL_FAST_MATH = YES;
				ONLY_ACTIVE_ARCH = YES;
				SDKROOT = iphoneos;
				SWIFT_ACTIVE_COMPILATION_CONDITIONS = "DEBUG $(inherited)";
				SWIFT_OPTIMIZATION_LEVEL = "-Onone";
			};
			name = Debug;
		};
		7C284E3D2EBEE3BA00E01278 /* Release */ = {
			isa = XCBuildConfiguration;
			buildSettings = {
				ALWAYS_SEARCH_USER_PATHS = NO;
				ASSETCATALOG_COMPILER_GENERATE_SWIFT_ASSET_SYMBOL_EXTENSIONS = YES;
				CLANG_ANALYZER_NONNULL = YES;
				CLANG_ANALYZER_NUMBER_OBJECT_CONVERSION = YES_AGGRESSIVE;
				CLANG_CXX_LANGUAGE_STANDARD = "gnu++20";
				CLANG_ENABLE_MODULES = YES;
				CLANG_ENABLE_OBJC_ARC = YES;
				CLANG_ENABLE_OBJC_WEAK = YES;
				CLANG_WARN_BLOCK_CAPTURE_AUTORELEASING = YES;
				CLANG_WARN_BOOL_CONVERSION = YES;
				CLANG_WARN_COMMA = YES;
				CLANG_WARN_CONSTANT_CONVERSION = YES;
				CLANG_WARN_DEPRECATED_OBJC_IMPLEMENTATIONS = YES;
				CLANG_WARN_DIRECT_OBJC_ISA_USAGE = YES_ERROR;
				CLANG_WARN_DOCUMENTATION_COMMENTS = YES;
				CLANG_WARN_EMPTY_BODY = YES;
				CLANG_WARN_ENUM_CONVERSION = YES;
				CLANG_WARN_INFINITE_RECURSION = YES;
				CLANG_WARN_INT_CONVERSION = YES;
				CLANG_WARN_NON_LITERAL_NULL_CONVERSION = YES;
				CLANG_WARN_OBJC_IMPLICIT_RETAIN_SELF = YES;
				CLANG_WARN_OBJC_LITERAL_CONVERSION = YES;
				CLANG_WARN_OBJC_ROOT_CLASS = YES_ERROR;
				CLANG_WARN_QUOTED_INCLUDE_IN_FRAMEWORK_HEADER = YES;
				CLANG_WARN_RANGE_LOOP_ANALYSIS = YES;
				CLANG_WARN_STRICT_PROTOTYPES = YES;
				CLANG_WARN_SUSPICIOUS_MOVE = YES;
				CLANG_WARN_UNGUARDED_AVAILABILITY = YES_AGGRESSIVE;
				CLANG_WARN_UNREACHABLE_CODE = YES;
				CLANG_WARN__DUPLICATE_METHOD_MATCH = YES;
				COPY_PHASE_STRIP = NO;
				DEBUG_INFORMATION_FORMAT = "dwarf-with-dsym";
				DEVELOPMENT_TEAM = 2J29537JR5;
				ENABLE_NS_ASSERTIONS = NO;
				ENABLE_STRICT_OBJC_MSGSEND = YES;
				ENABLE_USER_SCRIPT_SANDBOXING = YES;
				GCC_C_LANGUAGE_STANDARD = gnu17;
				GCC_NO_COMMON_BLOCKS = YES;
				GCC_WARN_64_TO_32_BIT_CONVERSION = YES;
				GCC_WARN_ABOUT_RETURN_TYPE = YES_ERROR;
				GCC_WARN_UNDECLARED_SELECTOR = YES;
				GCC_WARN_UNINITIALIZED_AUTOS = YES_AGGRESSIVE;
				GCC_WARN_UNUSED_FUNCTION = YES;
				GCC_WARN_UNUSED_VARIABLE = YES;
				IPHONEOS_DEPLOYMENT_TARGET = 26.1;
				LOCALIZATION_PREFERS_STRING_CATALOGS = YES;
				MTL_ENABLE_DEBUG_INFO = NO;
				MTL_FAST_MATH = YES;
				SDKROOT = iphoneos;
				SWIFT_COMPILATION_MODE = wholemodule;
				VALIDATE_PRODUCT = YES;
			};
			name = Release;
		};
		7C284E3F2EBEE3BA00E01278 /* Debug */ = {
			isa = XCBuildConfiguration;
			buildSettings = {
				ASSETCATALOG_COMPILER_APPICON_NAME = AppIcon;
				ASSETCATALOG_COMPILER_GLOBAL_ACCENT_COLOR_NAME = AccentColor;
				CLANG_ENABLE_MODULES = YES;
				CODE_SIGN_STYLE = Automatic;
				CURRENT_PROJECT_VERSION = 1;
				DEVELOPMENT_TEAM = 2J29537JR5;
				ENABLE_PREVIEWS = YES;
				GENERATE_INFOPLIST_FILE = YES;
				INFOPLIST_KEY_NSCameraUsageDescription = "JamSesh uses your camera to record video takes and performance clips.";
				INFOPLIST_KEY_NSMicrophoneUsageDescription = "amSesh needs access to your microphone to record audio loops and practice sessions.";
				INFOPLIST_KEY_NSPhotoLibraryAddUsageDescription = "amSesh needs access to save exported loops and mixes to your library.";
				INFOPLIST_KEY_UIApplicationSceneManifest_Generation = YES;
				INFOPLIST_KEY_UIApplicationSupportsIndirectInputEvents = YES;
				INFOPLIST_KEY_UILaunchScreen_Generation = YES;
				INFOPLIST_KEY_UISupportedInterfaceOrientations_iPad = "UIInterfaceOrientationPortrait UIInterfaceOrientationPortraitUpsideDown UIInterfaceOrientationLandscapeLeft UIInterfaceOrientationLandscapeRight";
				INFOPLIST_KEY_UISupportedInterfaceOrientations_iPhone = "UIInterfaceOrientationPortrait UIInterfaceOrientationLandscapeLeft UIInterfaceOrientationLandscapeRight";
				IPHONEOS_DEPLOYMENT_TARGET = 17.6;
				LD_RUNPATH_SEARCH_PATHS = (
					"$(inherited)",
					"@executable_path/Frameworks",
				);
				MARKETING_VERSION = 1.0;
				PRODUCT_BUNDLE_IDENTIFIER = com.adamfaith.JamSeshNew;
				PRODUCT_NAME = "$(TARGET_NAME)";
				STRING_CATALOG_GENERATE_SYMBOLS = YES;
				SWIFT_APPROACHABLE_CONCURRENCY = YES;
				SWIFT_DEFAULT_ACTOR_ISOLATION = MainActor;
				SWIFT_EMIT_LOC_STRINGS = YES;
				SWIFT_OBJC_BRIDGING_HEADER = "JamSeshNew-Bridging-Header.h";
				SWIFT_OPTIMIZATION_LEVEL = "-Onone";
				SWIFT_UPCOMING_FEATURE_MEMBER_IMPORT_VISIBILITY = YES;
				SWIFT_VERSION = 5.0;
				TARGETED_DEVICE_FAMILY = "1,2";
			};
			name = Debug;
		};
		7C284E402EBEE3BA00E01278 /* Release */ = {
			isa = XCBuildConfiguration;
			buildSettings = {
				ASSETCATALOG_COMPILER_APPICON_NAME = AppIcon;
				ASSETCATALOG_COMPILER_GLOBAL_ACCENT_COLOR_NAME = AccentColor;
				CLANG_ENABLE_MODULES = YES;
				CODE_SIGN_STYLE = Automatic;
				CURRENT_PROJECT_VERSION = 1;
				DEVELOPMENT_TEAM = 2J29537JR5;
				ENABLE_PREVIEWS = YES;
				GENERATE_INFOPLIST_FILE = YES;
				INFOPLIST_KEY_NSCameraUsageDescription = "JamSesh uses your camera to record video takes and performance clips.";
				INFOPLIST_KEY_NSMicrophoneUsageDescription = "amSesh needs access to your microphone to record audio loops and practice sessions.";
				INFOPLIST_KEY_NSPhotoLibraryAddUsageDescription = "amSesh needs access to save exported loops and mixes to your library.";
				INFOPLIST_KEY_UIApplicationSceneManifest_Generation = YES;
				INFOPLIST_KEY_UIApplicationSupportsIndirectInputEvents = YES;
				INFOPLIST_KEY_UILaunchScreen_Generation = YES;
				INFOPLIST_KEY_UISupportedInterfaceOrientations_iPad = "UIInterfaceOrientationPortrait UIInterfaceOrientationPortraitUpsideDown UIInterfaceOrientationLandscapeLeft UIInterfaceOrientationLandscapeRight";
				INFOPLIST_KEY_UISupportedInterfaceOrientations_iPhone = "UIInterfaceOrientationPortrait UIInterfaceOrientationLandscapeLeft UIInterfaceOrientationLandscapeRight";
				IPHONEOS_DEPLOYMENT_TARGET = 17.6;
				LD_RUNPATH_SEARCH_PATHS = (
					"$(inherited)",
					"@executable_path/Frameworks",
				);
				MARKETING_VERSION = 1.0;
				PRODUCT_BUNDLE_IDENTIFIER = com.adamfaith.JamSeshNew;
				PRODUCT_NAME = "$(TARGET_NAME)";
				STRING_CATALOG_GENERATE_SYMBOLS = YES;
				SWIFT_APPROACHABLE_CONCURRENCY = YES;
				SWIFT_DEFAULT_ACTOR_ISOLATION = MainActor;
				SWIFT_EMIT_LOC_STRINGS = YES;
				SWIFT_OBJC_BRIDGING_HEADER = "JamSeshNew-Bridging-Header.h";
				SWIFT_UPCOMING_FEATURE_MEMBER_IMPORT_VISIBILITY = YES;
				SWIFT_VERSION = 5.0;
				TARGETED_DEVICE_FAMILY = "1,2";
			};
			name = Release;
		};
/* End XCBuildConfiguration section */

/* Begin XCConfigurationList section */
		7C284E2C2EBEE3B700E01278 /* Build configuration list for PBXProject "JamSeshNew" */ = {
			isa = XCConfigurationList;
			buildConfigurations = (
				7C284E3C2EBEE3BA00E01278 /* Debug */,
				7C284E3D2EBEE3BA00E01278 /* Release */,
			);
			defaultConfigurationIsVisible = 0;
			defaultConfigurationName = Release;
		};
		7C284E3E2EBEE3BA00E01278 /* Build configuration list for PBXNativeTarget "JamSeshNew" */ = {
			isa = XCConfigurationList;
			buildConfigurations = (
				7C284E3F2EBEE3BA00E01278 /* Debug */,
				7C284E402EBEE3BA00E01278 /* Release */,
			);
			defaultConfigurationIsVisible = 0;
			defaultConfigurationName = Release;
		};
/* End XCConfigurationList section */
	};
	rootObject = 7C284E292EBEE3B700E01278 /* Project object */;
}
